// !$*UTF8*$!
{
	archiveVersion = 1;
	classes = {
	};
	objectVersion = 56;
	objects = {

/* Begin PBXBuildFile section */
		A53109E62B3AF3700071C9E7 /* TutoApp.swift in Sources */ = {isa = PBXBuildFile; fileRef = A53109E52B3AF3700071C9E7 /* TutoApp.swift */; };
		A53109E82B3AF3700071C9E7 /* ContentView.swift in Sources */ = {isa = PBXBuildFile; fileRef = A53109E72B3AF3700071C9E7 /* ContentView.swift */; };
		A53109EC2B3AF3710071C9E7 /* Assets.xcassets in Resources */ = {isa = PBXBuildFile; fileRef = A53109EB2B3AF3710071C9E7 /* Assets.xcassets */; };
		A53109EF2B3AF3710071C9E7 /* Preview Assets.xcassets in Resources */ = {isa = PBXBuildFile; fileRef = A53109EE2B3AF3710071C9E7 /* Preview Assets.xcassets */; };
		A53109F82B3C64880071C9E7 /* CircleImage.swift in Sources */ = {isa = PBXBuildFile; fileRef = A53109F72B3C64880071C9E7 /* CircleImage.swift */; };
		A53109FA2B3C655A0071C9E7 /* MapView.swift in Sources */ = {isa = PBXBuildFile; fileRef = A53109F92B3C655A0071C9E7 /* MapView.swift */; };
		A53109FC2B3C6A220071C9E7 /* landmarkData.json in Resources */ = {isa = PBXBuildFile; fileRef = A53109FB2B3C6A220071C9E7 /* landmarkData.json */; };
		A53109FE2B3C6A5F0071C9E7 /* Landmark.swift in Sources */ = {isa = PBXBuildFile; fileRef = A53109FD2B3C6A5F0071C9E7 /* Landmark.swift */; };
		A5310A002B3C6FAE0071C9E7 /* ModelData.swift in Sources */ = {isa = PBXBuildFile; fileRef = A53109FF2B3C6FAE0071C9E7 /* ModelData.swift */; };
		A5310A052B3C7A200071C9E7 /* LandmarkRow.swift in Sources */ = {isa = PBXBuildFile; fileRef = A5310A042B3C7A200071C9E7 /* LandmarkRow.swift */; };
		A5310A072B3DA51D0071C9E7 /* LandmarkList.swift in Sources */ = {isa = PBXBuildFile; fileRef = A5310A062B3DA51D0071C9E7 /* LandmarkList.swift */; };
		A5310A092B3DA8980071C9E7 /* LandmarkDetail.swift in Sources */ = {isa = PBXBuildFile; fileRef = A5310A082B3DA8980071C9E7 /* LandmarkDetail.swift */; };
		A5310A0B2B3DD3030071C9E7 /* FavoriteButton.swift in Sources */ = {isa = PBXBuildFile; fileRef = A5310A0A2B3DD3030071C9E7 /* FavoriteButton.swift */; };
/* End PBXBuildFile section */

/* Begin PBXFileReference section */
		A53109E22B3AF3700071C9E7 /* Tuto.app */ = {isa = PBXFileReference; explicitFileType = wrapper.application; includeInIndex = 0; path = Tuto.app; sourceTree = BUILT_PRODUCTS_DIR; };
		A53109E52B3AF3700071C9E7 /* TutoApp.swift */ = {isa = PBXFileReference; lastKnownFileType = sourcecode.swift; path = TutoApp.swift; sourceTree = "<group>"; };
		A53109E72B3AF3700071C9E7 /* ContentView.swift */ = {isa = PBXFileReference; lastKnownFileType = sourcecode.swift; path = ContentView.swift; sourceTree = "<group>"; };
		A53109EB2B3AF3710071C9E7 /* Assets.xcassets */ = {isa = PBXFileReference; lastKnownFileType = folder.assetcatalog; path = Assets.xcassets; sourceTree = "<group>"; };
		A53109EE2B3AF3710071C9E7 /* Preview Assets.xcassets */ = {isa = PBXFileReference; lastKnownFileType = folder.assetcatalog; path = "Preview Assets.xcassets"; sourceTree = "<group>"; };
		A53109F72B3C64880071C9E7 /* CircleImage.swift */ = {isa = PBXFileReference; lastKnownFileType = sourcecode.swift; path = CircleImage.swift; sourceTree = "<group>"; };
		A53109F92B3C655A0071C9E7 /* MapView.swift */ = {isa = PBXFileReference; lastKnownFileType = sourcecode.swift; path = MapView.swift; sourceTree = "<group>"; };
		A53109FB2B3C6A220071C9E7 /* landmarkData.json */ = {isa = PBXFileReference; fileEncoding = 4; lastKnownFileType = text.json; path = landmarkData.json; sourceTree = "<group>"; };
		A53109FD2B3C6A5F0071C9E7 /* Landmark.swift */ = {isa = PBXFileReference; lastKnownFileType = sourcecode.swift; path = Landmark.swift; sourceTree = "<group>"; };
		A53109FF2B3C6FAE0071C9E7 /* ModelData.swift */ = {isa = PBXFileReference; lastKnownFileType = sourcecode.swift; path = ModelData.swift; sourceTree = "<group>"; };
		A5310A042B3C7A200071C9E7 /* LandmarkRow.swift */ = {isa = PBXFileReference; lastKnownFileType = sourcecode.swift; path = LandmarkRow.swift; sourceTree = "<group>"; };
		A5310A062B3DA51D0071C9E7 /* LandmarkList.swift */ = {isa = PBXFileReference; lastKnownFileType = sourcecode.swift; path = LandmarkList.swift; sourceTree = "<group>"; };
		A5310A082B3DA8980071C9E7 /* LandmarkDetail.swift */ = {isa = PBXFileReference; lastKnownFileType = sourcecode.swift; path = LandmarkDetail.swift; sourceTree = "<group>"; };
		A5310A0A2B3DD3030071C9E7 /* FavoriteButton.swift */ = {isa = PBXFileReference; lastKnownFileType = sourcecode.swift; path = FavoriteButton.swift; sourceTree = "<group>"; };
/* End PBXFileReference section */

/* Begin PBXFrameworksBuildPhase section */
		A53109DF2B3AF3700071C9E7 /* Frameworks */ = {
			isa = PBXFrameworksBuildPhase;
			buildActionMask = 2147483647;
			files = (
			);
			runOnlyForDeploymentPostprocessing = 0;
		};
/* End PBXFrameworksBuildPhase section */

/* Begin PBXGroup section */
		A53109D92B3AF3700071C9E7 = {
			isa = PBXGroup;
			children = (
				A53109E42B3AF3700071C9E7 /* Tuto */,
				A53109E32B3AF3700071C9E7 /* Products */,
			);
			sourceTree = "<group>";
		};
		A53109E32B3AF3700071C9E7 /* Products */ = {
			isa = PBXGroup;
			children = (
				A53109E22B3AF3700071C9E7 /* Tuto.app */,
			);
			name = Products;
			sourceTree = "<group>";
		};
		A53109E42B3AF3700071C9E7 /* Tuto */ = {
			isa = PBXGroup;
			children = (
				A53109E52B3AF3700071C9E7 /* TutoApp.swift */,
				A5310A012B3C78FA0071C9E7 /* Views */,
				A5310A032B3C79390071C9E7 /* Models */,
				A5310A022B3C79210071C9E7 /* Ressources */,
				A53109EB2B3AF3710071C9E7 /* Assets.xcassets */,
				A53109ED2B3AF3710071C9E7 /* Preview Content */,
			);
			path = Tuto;
			sourceTree = "<group>";
		};
		A53109ED2B3AF3710071C9E7 /* Preview Content */ = {
			isa = PBXGroup;
			children = (
				A53109EE2B3AF3710071C9E7 /* Preview Assets.xcassets */,
			);
			path = "Preview Content";
			sourceTree = "<group>";
		};
		A5310A012B3C78FA0071C9E7 /* Views */ = {
			isa = PBXGroup;
			children = (
				A53109E72B3AF3700071C9E7 /* ContentView.swift */,
				A5310A0D2B3DD7B90071C9E7 /* Landmark */,
				A5310A0C2B3DD79A0071C9E7 /* Helper */,
			);
			path = Views;
			sourceTree = "<group>";
		};
		A5310A022B3C79210071C9E7 /* Ressources */ = {
			isa = PBXGroup;
			children = (
				A53109FB2B3C6A220071C9E7 /* landmarkData.json */,
			);
			path = Ressources;
			sourceTree = "<group>";
		};
		A5310A032B3C79390071C9E7 /* Models */ = {
			isa = PBXGroup;
			children = (
				A53109FF2B3C6FAE0071C9E7 /* ModelData.swift */,
				A53109FD2B3C6A5F0071C9E7 /* Landmark.swift */,
			);
			path = Models;
			sourceTree = "<group>";
		};
		A5310A0C2B3DD79A0071C9E7 /* Helper */ = {
			isa = PBXGroup;
			children = (
				A53109F92B3C655A0071C9E7 /* MapView.swift */,
				A5310A0A2B3DD3030071C9E7 /* FavoriteButton.swift */,
				A53109F72B3C64880071C9E7 /* CircleImage.swift */,
			);
			path = Helper;
			sourceTree = "<group>";
		};
		A5310A0D2B3DD7B90071C9E7 /* Landmark */ = {
			isa = PBXGroup;
			children = (
				A5310A042B3C7A200071C9E7 /* LandmarkRow.swift */,
				A5310A062B3DA51D0071C9E7 /* LandmarkList.swift */,
				A5310A082B3DA8980071C9E7 /* LandmarkDetail.swift */,
			);
			path = Landmark;
			sourceTree = "<group>";
		};
/* End PBXGroup section */

/* Begin PBXNativeTarget section */
		A53109E12B3AF3700071C9E7 /* Tuto */ = {
			isa = PBXNativeTarget;
			buildConfigurationList = A53109F22B3AF3710071C9E7 /* Build configuration list for PBXNativeTarget "Tuto" */;
			buildPhases = (
				A53109DE2B3AF3700071C9E7 /* Sources */,
				A53109DF2B3AF3700071C9E7 /* Frameworks */,
				A53109E02B3AF3700071C9E7 /* Resources */,
			);
			buildRules = (
			);
			dependencies = (
			);
			name = Tuto;
			productName = Tuto;
			productReference = A53109E22B3AF3700071C9E7 /* Tuto.app */;
			productType = "com.apple.product-type.application";
		};
/* End PBXNativeTarget section */

/* Begin PBXProject section */
		A53109DA2B3AF3700071C9E7 /* Project object */ = {
			isa = PBXProject;
			attributes = {
				BuildIndependentTargetsInParallel = 1;
				LastSwiftUpdateCheck = 1510;
				LastUpgradeCheck = 1510;
				TargetAttributes = {
					A53109E12B3AF3700071C9E7 = {
						CreatedOnToolsVersion = 15.1;
					};
				};
			};
			buildConfigurationList = A53109DD2B3AF3700071C9E7 /* Build configuration list for PBXProject "Tuto" */;
			compatibilityVersion = "Xcode 14.0";
			developmentRegion = en;
			hasScannedForEncodings = 0;
			knownRegions = (
				en,
				Base,
			);
			mainGroup = A53109D92B3AF3700071C9E7;
			productRefGroup = A53109E32B3AF3700071C9E7 /* Products */;
			projectDirPath = "";
			projectRoot = "";
			targets = (
				A53109E12B3AF3700071C9E7 /* Tuto */,
			);
		};
/* End PBXProject section */

/* Begin PBXResourcesBuildPhase section */
		A53109E02B3AF3700071C9E7 /* Resources */ = {
			isa = PBXResourcesBuildPhase;
			buildActionMask = 2147483647;
			files = (
				A53109EF2B3AF3710071C9E7 /* Preview Assets.xcassets in Resources */,
				A53109EC2B3AF3710071C9E7 /* Assets.xcassets in Resources */,
				A53109FC2B3C6A220071C9E7 /* landmarkData.json in Resources */,
			);
			runOnlyForDeploymentPostprocessing = 0;
		};
/* End PBXResourcesBuildPhase section */

/* Begin PBXSourcesBuildPhase section */
		A53109DE2B3AF3700071C9E7 /* Sources */ = {
			isa = PBXSourcesBuildPhase;
			buildActionMask = 2147483647;
			files = (
				A53109E82B3AF3700071C9E7 /* ContentView.swift in Sources */,
				A53109F82B3C64880071C9E7 /* CircleImage.swift in Sources */,
				A53109FA2B3C655A0071C9E7 /* MapView.swift in Sources */,
				A5310A0B2B3DD3030071C9E7 /* FavoriteButton.swift in Sources */,
				A5310A072B3DA51D0071C9E7 /* LandmarkList.swift in Sources */,
				A5310A092B3DA8980071C9E7 /* LandmarkDetail.swift in Sources */,
				A53109E62B3AF3700071C9E7 /* TutoApp.swift in Sources */,
				A53109FE2B3C6A5F0071C9E7 /* Landmark.swift in Sources */,
				A5310A052B3C7A200071C9E7 /* LandmarkRow.swift in Sources */,
				A5310A002B3C6FAE0071C9E7 /* ModelData.swift in Sources */,
			);
			runOnlyForDeploymentPostprocessing = 0;
		};
/* End PBXSourcesBuildPhase section */

/* Begin XCBuildConfiguration section */
		A53109F02B3AF3710071C9E7 /* Debug */ = {
			isa = XCBuildConfiguration;
			buildSettings = {
				ALWAYS_SEARCH_USER_PATHS = NO;
				ASSETCATALOG_COMPILER_GENERATE_SWIFT_ASSET_SYMBOL_EXTENSIONS = YES;
				CLANG_ANALYZER_NONNULL = YES;
				CLANG_ANALYZER_NUMBER_OBJECT_CONVERSION = YES_AGGRESSIVE;
				CLANG_CXX_LANGUAGE_STANDARD = "gnu++20";
				CLANG_ENABLE_MODULES = YES;
				CLANG_ENABLE_OBJC_ARC = YES;
				CLANG_ENABLE_OBJC_WEAK = YES;
				CLANG_WARN_BLOCK_CAPTURE_AUTORELEASING = YES;
				CLANG_WARN_BOOL_CONVERSION = YES;
				CLANG_WARN_COMMA = YES;
				CLANG_WARN_CONSTANT_CONVERSION = YES;
				CLANG_WARN_DEPRECATED_OBJC_IMPLEMENTATIONS = YES;
				CLANG_WARN_DIRECT_OBJC_ISA_USAGE = YES_ERROR;
				CLANG_WARN_DOCUMENTATION_COMMENTS = YES;
				CLANG_WARN_EMPTY_BODY = YES;
				CLANG_WARN_ENUM_CONVERSION = YES;
				CLANG_WARN_INFINITE_RECURSION = YES;
				CLANG_WARN_INT_CONVERSION = YES;
				CLANG_WARN_NON_LITERAL_NULL_CONVERSION = YES;
				CLANG_WARN_OBJC_IMPLICIT_RETAIN_SELF = YES;
				CLANG_WARN_OBJC_LITERAL_CONVERSION = YES;
				CLANG_WARN_OBJC_ROOT_CLASS = YES_ERROR;
				CLANG_WARN_QUOTED_INCLUDE_IN_FRAMEWORK_HEADER = YES;
				CLANG_WARN_RANGE_LOOP_ANALYSIS = YES;
				CLANG_WARN_STRICT_PROTOTYPES = YES;
				CLANG_WARN_SUSPICIOUS_MOVE = YES;
				CLANG_WARN_UNGUARDED_AVAILABILITY = YES_AGGRESSIVE;
				CLANG_WARN_UNREACHABLE_CODE = YES;
				CLANG_WARN__DUPLICATE_METHOD_MATCH = YES;
				COPY_PHASE_STRIP = NO;
				DEBUG_INFORMATION_FORMAT = dwarf;
				ENABLE_STRICT_OBJC_MSGSEND = YES;
				ENABLE_TESTABILITY = YES;
				ENABLE_USER_SCRIPT_SANDBOXING = YES;
				GCC_C_LANGUAGE_STANDARD = gnu17;
				GCC_DYNAMIC_NO_PIC = NO;
				GCC_NO_COMMON_BLOCKS = YES;
				GCC_OPTIMIZATION_LEVEL = 0;
				GCC_PREPROCESSOR_DEFINITIONS = (
					"DEBUG=1",
					"$(inherited)",
				);
				GCC_WARN_64_TO_32_BIT_CONVERSION = YES;
				GCC_WARN_ABOUT_RETURN_TYPE = YES_ERROR;
				GCC_WARN_UNDECLARED_SELECTOR = YES;
				GCC_WARN_UNINITIALIZED_AUTOS = YES_AGGRESSIVE;
				GCC_WARN_UNUSED_FUNCTION = YES;
				GCC_WARN_UNUSED_VARIABLE = YES;
				IPHONEOS_DEPLOYMENT_TARGET = 17.2;
				LOCALIZATION_PREFERS_STRING_CATALOGS = YES;
				MTL_ENABLE_DEBUG_INFO = INCLUDE_SOURCE;
				MTL_FAST_MATH = YES;
				ONLY_ACTIVE_ARCH = YES;
				SDKROOT = iphoneos;
				SWIFT_ACTIVE_COMPILATION_CONDITIONS = "DEBUG $(inherited)";
				SWIFT_OPTIMIZATION_LEVEL = "-Onone";
			};
			name = Debug;
		};
		A53109F12B3AF3710071C9E7 /* Release */ = {
			isa = XCBuildConfiguration;
			buildSettings = {
				ALWAYS_SEARCH_USER_PATHS = NO;
				ASSETCATALOG_COMPILER_GENERATE_SWIFT_ASSET_SYMBOL_EXTENSIONS = YES;
				CLANG_ANALYZER_NONNULL = YES;
				CLANG_ANALYZER_NUMBER_OBJECT_CONVERSION = YES_AGGRESSIVE;
				CLANG_CXX_LANGUAGE_STANDARD = "gnu++20";
				CLANG_ENABLE_MODULES = YES;
				CLANG_ENABLE_OBJC_ARC = YES;
				CLANG_ENABLE_OBJC_WEAK = YES;
				CLANG_WARN_BLOCK_CAPTURE_AUTORELEASING = YES;
				CLANG_WARN_BOOL_CONVERSION = YES;
				CLANG_WARN_COMMA = YES;
				CLANG_WARN_CONSTANT_CONVERSION = YES;
				CLANG_WARN_DEPRECATED_OBJC_IMPLEMENTATIONS = YES;
				CLANG_WARN_DIRECT_OBJC_ISA_USAGE = YES_ERROR;
				CLANG_WARN_DOCUMENTATION_COMMENTS = YES;
				CLANG_WARN_EMPTY_BODY = YES;
				CLANG_WARN_ENUM_CONVERSION = YES;
				CLANG_WARN_INFINITE_RECURSION = YES;
				CLANG_WARN_INT_CONVERSION = YES;
				CLANG_WARN_NON_LITERAL_NULL_CONVERSION = YES;
				CLANG_WARN_OBJC_IMPLICIT_RETAIN_SELF = YES;
				CLANG_WARN_OBJC_LITERAL_CONVERSION = YES;
				CLANG_WARN_OBJC_ROOT_CLASS = YES_ERROR;
				CLANG_WARN_QUOTED_INCLUDE_IN_FRAMEWORK_HEADER = YES;
				CLANG_WARN_RANGE_LOOP_ANALYSIS = YES;
				CLANG_WARN_STRICT_PROTOTYPES = YES;
				CLANG_WARN_SUSPICIOUS_MOVE = YES;
				CLANG_WARN_UNGUARDED_AVAILABILITY = YES_AGGRESSIVE;
				CLANG_WARN_UNREACHABLE_CODE = YES;
				CLANG_WARN__DUPLICATE_METHOD_MATCH = YES;
				COPY_PHASE_STRIP = NO;
				DEBUG_INFORMATION_FORMAT = "dwarf-with-dsym";
				ENABLE_NS_ASSERTIONS = NO;
				ENABLE_STRICT_OBJC_MSGSEND = YES;
				ENABLE_USER_SCRIPT_SANDBOXING = YES;
				GCC_C_LANGUAGE_STANDARD = gnu17;
				GCC_NO_COMMON_BLOCKS = YES;
				GCC_WARN_64_TO_32_BIT_CONVERSION = YES;
				GCC_WARN_ABOUT_RETURN_TYPE = YES_ERROR;
				GCC_WARN_UNDECLARED_SELECTOR = YES;
				GCC_WARN_UNINITIALIZED_AUTOS = YES_AGGRESSIVE;
				GCC_WARN_UNUSED_FUNCTION = YES;
				GCC_WARN_UNUSED_VARIABLE = YES;
				IPHONEOS_DEPLOYMENT_TARGET = 17.2;
				LOCALIZATION_PREFERS_STRING_CATALOGS = YES;
				MTL_ENABLE_DEBUG_INFO = NO;
				MTL_FAST_MATH = YES;
				SDKROOT = iphoneos;
				SWIFT_COMPILATION_MODE = wholemodule;
				VALIDATE_PRODUCT = YES;
			};
			name = Release;
		};
		A53109F32B3AF3710071C9E7 /* Debug */ = {
			isa = XCBuildConfiguration;
			buildSettings = {
				ASSETCATALOG_COMPILER_APPICON_NAME = AppIcon;
				ASSETCATALOG_COMPILER_GLOBAL_ACCENT_COLOR_NAME = AccentColor;
				CODE_SIGN_STYLE = Automatic;
				CURRENT_PROJECT_VERSION = 1;
				DEVELOPMENT_ASSET_PATHS = "\"Tuto/Preview Content\"";
				DEVELOPMENT_TEAM = CGRKZ83X82;
				ENABLE_PREVIEWS = YES;
				GENERATE_INFOPLIST_FILE = YES;
				INFOPLIST_KEY_UIApplicationSceneManifest_Generation = YES;
				INFOPLIST_KEY_UIApplicationSupportsIndirectInputEvents = YES;
				INFOPLIST_KEY_UILaunchScreen_Generation = YES;
				INFOPLIST_KEY_UISupportedInterfaceOrientations_iPad = "UIInterfaceOrientationPortrait UIInterfaceOrientationPortraitUpsideDown UIInterfaceOrientationLandscapeLeft UIInterfaceOrientationLandscapeRight";
				INFOPLIST_KEY_UISupportedInterfaceOrientations_iPhone = "UIInterfaceOrientationPortrait UIInterfaceOrientationLandscapeLeft UIInterfaceOrientationLandscapeRight";
				LD_RUNPATH_SEARCH_PATHS = (
					"$(inherited)",
					"@executable_path/Frameworks",
				);
				MARKETING_VERSION = 1.0;
				PRODUCT_BUNDLE_IDENTIFIER = com.appLoic.Swift.Tuto;
				PRODUCT_NAME = "$(TARGET_NAME)";
				SWIFT_EMIT_LOC_STRINGS = YES;
				SWIFT_VERSION = 5.0;
				TARGETED_DEVICE_FAMILY = "1,2";
			};
			name = Debug;
		};
		A53109F42B3AF3710071C9E7 /* Release */ = {
			isa = XCBuildConfiguration;
			buildSettings = {
				ASSETCATALOG_COMPILER_APPICON_NAME = AppIcon;
				ASSETCATALOG_COMPILER_GLOBAL_ACCENT_COLOR_NAME = AccentColor;
				CODE_SIGN_STYLE = Automatic;
				CURRENT_PROJECT_VERSION = 1;
				DEVELOPMENT_ASSET_PATHS = "\"Tuto/Preview Content\"";
				DEVELOPMENT_TEAM = CGRKZ83X82;
				ENABLE_PREVIEWS = YES;
				GENERATE_INFOPLIST_FILE = YES;
				INFOPLIST_KEY_UIApplicationSceneManifest_Generation = YES;
				INFOPLIST_KEY_UIApplicationSupportsIndirectInputEvents = YES;
				INFOPLIST_KEY_UILaunchScreen_Generation = YES;
				INFOPLIST_KEY_UISupportedInterfaceOrientations_iPad = "UIInterfaceOrientationPortrait UIInterfaceOrientationPortraitUpsideDown UIInterfaceOrientationLandscapeLeft UIInterfaceOrientationLandscapeRight";
				INFOPLIST_KEY_UISupportedInterfaceOrientations_iPhone = "UIInterfaceOrientationPortrait UIInterfaceOrientationLandscapeLeft UIInterfaceOrientationLandscapeRight";
				LD_RUNPATH_SEARCH_PATHS = (
					"$(inherited)",
					"@executable_path/Frameworks",
				);
				MARKETING_VERSION = 1.0;
				PRODUCT_BUNDLE_IDENTIFIER = com.appLoic.Swift.Tuto;
				PRODUCT_NAME = "$(TARGET_NAME)";
				SWIFT_EMIT_LOC_STRINGS = YES;
				SWIFT_VERSION = 5.0;
				TARGETED_DEVICE_FAMILY = "1,2";
			};
			name = Release;
		};
/* End XCBuildConfiguration section */

/* Begin XCConfigurationList section */
		A53109DD2B3AF3700071C9E7 /* Build configuration list for PBXProject "Tuto" */ = {
			isa = XCConfigurationList;
			buildConfigurations = (
				A53109F02B3AF3710071C9E7 /* Debug */,
				A53109F12B3AF3710071C9E7 /* Release */,
			);
			defaultConfigurationIsVisible = 0;
			defaultConfigurationName = Release;
		};
		A53109F22B3AF3710071C9E7 /* Build configuration list for PBXNativeTarget "Tuto" */ = {
			isa = XCConfigurationList;
			buildConfigurations = (
				A53109F32B3AF3710071C9E7 /* Debug */,
				A53109F42B3AF3710071C9E7 /* Release */,
			);
			defaultConfigurationIsVisible = 0;
			defaultConfigurationName = Release;
		};
/* End XCConfigurationList section */
	};
	rootObject = A53109DA2B3AF3700071C9E7 /* Project object */;
}
